# This file is autogenerated, do not edit; changes may be undone by the next 'dep ensure'.


[[projects]]
  branch = "master"
  name = "github.com/bitrise-io/go-utils"
  packages = [
    "colorstring",
    "log",
    "parseutil",
    "pointers"
  ]
  revision = "b33f6bcef9b50045d7e62364b354584afc3ee329"

[[projects]]
  branch = "master"
  name = "github.com/bitrise-tools/go-steputils"
  packages = ["stepconf"]
  revision = "b0e1079aa921440413a5c56f301246fe8367c072"

[solve-meta]
  analyzer-name = "dep"
  analyzer-version = 1
  inputs-digest = "dee1f6b2f01e3a4378a7501e8cfdba0c22e070eade25621d24f72bb00f3df4e9"
  solver-name = "gps-cdcl"
  solver-version = 1
